
Microsoft Visual Studio Solution File, Format Version 12.00
# Visual Studio Version 17
VisualStudioVersion = 17.9.34728.123
MinimumVisualStudioVersion = 10.0.40219.1
Project("{FAE04EC0-301F-11D3-BF4B-00C04F79EFBC}") = "GorillaModManager", "GorillaModManager\GorillaModManager.csproj", "{179BA494-C665-4F42-A97B-35364EA6F513}"
EndProject
Global
	GlobalSection(SolutionConfigurationPlatforms) = preSolution
		Debug|Any CPU = Debug|Any CPU
		Release|Any CPU = Release|Any CPU
	EndGlobalSection
	GlobalSection(ProjectConfigurationPlatforms) = postSolution
		{179BA494-C665-4F42-A97B-35364EA6F513}.Debug|Any CPU.ActiveCfg = Debug|Any CPU
		{179BA494-C665-4F42-A97B-35364EA6F513}.Debug|Any CPU.Build.0 = Debug|Any CPU
		{179BA494-C665-4F42-A97B-35364EA6F513}.Release|Any CPU.ActiveCfg = Release|Any CPU
		{179BA494-C665-4F42-A97B-35364EA6F513}.Release|Any CPU.Build.0 = Release|Any CPU
	EndGlobalSection
	GlobalSection(SolutionProperties) = preSolution
		HideSolutionNode = FALSE
	EndGlobalSection
	GlobalSection(ExtensibilityGlobals) = postSolution
		SolutionGuid = {40AACDAC-2BB9-41AC-9525-A233D7D0AD54}
	EndGlobalSection
EndGlobal
